{
  "name": "est3",
  "lockfileVersion": 3,
  "requires": true,
  "packages": {
    "": {
      "dependencies": {
        "@tailwindcss/vite": "file:vendor/@tailwindcss/vite",
        "@vitejs/plugin-react": "file:vendor/@vitejs/plugin-react",
        "lucide-react": "file:vendor/lucide-react",
        "react": "file:vendor/react",
        "react-dom": "file:vendor/react-dom",
        "react-router-dom": "file:vendor/react-router-dom",
        "tailwindcss": "file:vendor/tailwindcss",
        "vite": "file:vendor/vite"
      },
      "devDependencies": {}
    },
    "node_modules/@tailwindcss/vite": {
      "resolved": "vendor/@tailwindcss/vite",
      "link": true
    },
    "node_modules/@vitejs/plugin-react": {
      "resolved": "vendor/@vitejs/plugin-react",
      "link": true
    },
    "node_modules/lucide-react": {
      "resolved": "vendor/lucide-react",
      "link": true
    },
    "node_modules/react": {
      "resolved": "vendor/react",
      "link": true
    },
    "node_modules/react-dom": {
      "resolved": "vendor/react-dom",
      "link": true
    },
    "node_modules/react-router-dom": {
      "resolved": "vendor/react-router-dom",
      "link": true
    },
    "node_modules/tailwindcss": {
      "resolved": "vendor/tailwindcss",
      "link": true
    },
    "node_modules/vite": {
      "resolved": "vendor/vite",
      "link": true
    },
    "vendor/@tailwindcss/vite": {
      "version": "0.0.0-offline"
    },
    "vendor/@vitejs/plugin-react": {
      "version": "0.0.0-offline"
    },
    "vendor/lucide-react": {
      "version": "0.0.0-offline"
    },
    "vendor/react": {
      "version": "0.0.0-offline"
    },
    "vendor/react-dom": {
      "version": "0.0.0-offline"
    },
    "vendor/react-router-dom": {
      "version": "0.0.0-offline"
    },
    "vendor/tailwindcss": {
      "version": "0.0.0-offline"
    },
    "vendor/vite": {
      "version": "0.0.0-offline",
      "bin": {
        "vite": "bin/vite.js"
      }
    }
  }
}
